// !$*UTF8*$!
{
	archiveVersion = 1;
	classes = {
	};
	objectVersion = 56;
	objects = {

/* Begin PBXBuildFile section */
		431495822949E52A00068F8A /* Provider.swift in Sources */ = {isa = PBXBuildFile; fileRef = 431495812949E52A00068F8A /* Provider.swift */; };
		431495842949E57800068F8A /* SimpleEntry.swift in Sources */ = {isa = PBXBuildFile; fileRef = 431495832949E57800068F8A /* SimpleEntry.swift */; };
		431495862949E5B700068F8A /* TodoListWidgetEntryView.swift in Sources */ = {isa = PBXBuildFile; fileRef = 431495852949E5B700068F8A /* TodoListWidgetEntryView.swift */; };
		431495892949EB3E00068F8A /* MediumSizeView.swift in Sources */ = {isa = PBXBuildFile; fileRef = 431495882949EB3E00068F8A /* MediumSizeView.swift */; };
		4314958B2949EB4C00068F8A /* LargeSizeView.swift in Sources */ = {isa = PBXBuildFile; fileRef = 4314958A2949EB4C00068F8A /* LargeSizeView.swift */; };
		4314958D2949EB5800068F8A /* SmallSizeView.swift in Sources */ = {isa = PBXBuildFile; fileRef = 4314958C2949EB5800068F8A /* SmallSizeView.swift */; };
		43149592294A6B8900068F8A /* TodoEditView.swift in Sources */ = {isa = PBXBuildFile; fileRef = 43149591294A6B8900068F8A /* TodoEditView.swift */; };
		43149594294AEA9A00068F8A /* TodoDataManager.swift in Sources */ = {isa = PBXBuildFile; fileRef = 43149593294AEA9A00068F8A /* TodoDataManager.swift */; };
		43149596294AED4300068F8A /* TodoListView.swift in Sources */ = {isa = PBXBuildFile; fileRef = 43149595294AED4300068F8A /* TodoListView.swift */; };
		43149599294AEFB800068F8A /* HomeViewModel.swift in Sources */ = {isa = PBXBuildFile; fileRef = 43149598294AEFB800068F8A /* HomeViewModel.swift */; };
		4314959F294B622300068F8A /* TodoModel.swift in Sources */ = {isa = PBXBuildFile; fileRef = 4314958E2949EF7100068F8A /* TodoModel.swift */; };
		431495A1294BA72C00068F8A /* FontSizes.swift in Sources */ = {isa = PBXBuildFile; fileRef = 431495A0294BA72C00068F8A /* FontSizes.swift */; };
		431495A4294BA8E200068F8A /* UserSettings.swift in Sources */ = {isa = PBXBuildFile; fileRef = 431495A3294BA8E200068F8A /* UserSettings.swift */; };
		431495A7294BB22500068F8A /* Color.swift in Sources */ = {isa = PBXBuildFile; fileRef = 435F3FC8294897F800099512 /* Color.swift */; };
		431495A8294BB24200068F8A /* Assets.xcassets in Resources */ = {isa = PBXBuildFile; fileRef = 435F3FA829488D4B00099512 /* Assets.xcassets */; };
		431495A9294BB29800068F8A /* UserSettings.swift in Sources */ = {isa = PBXBuildFile; fileRef = 431495A3294BA8E200068F8A /* UserSettings.swift */; };
		431495AA294BB29800068F8A /* FontSizes.swift in Sources */ = {isa = PBXBuildFile; fileRef = 431495A0294BA72C00068F8A /* FontSizes.swift */; };
		431495AC294C920600068F8A /* WidgetTodoListView.swift in Sources */ = {isa = PBXBuildFile; fileRef = 431495AB294C920600068F8A /* WidgetTodoListView.swift */; };
		435F3FA529488D4A00099512 /* TodoListApp.swift in Sources */ = {isa = PBXBuildFile; fileRef = 435F3FA429488D4A00099512 /* TodoListApp.swift */; };
		435F3FA929488D4B00099512 /* Assets.xcassets in Resources */ = {isa = PBXBuildFile; fileRef = 435F3FA829488D4B00099512 /* Assets.xcassets */; };
		435F3FAC29488D4B00099512 /* Preview Assets.xcassets in Resources */ = {isa = PBXBuildFile; fileRef = 435F3FAB29488D4B00099512 /* Preview Assets.xcassets */; };
		435F3FBC29488E0300099512 /* HomeView.swift in Sources */ = {isa = PBXBuildFile; fileRef = 435F3FBB29488E0300099512 /* HomeView.swift */; };
		435F3FC62948908D00099512 /* TodoContainer.xcdatamodeld in Sources */ = {isa = PBXBuildFile; fileRef = 435F3FC42948908D00099512 /* TodoContainer.xcdatamodeld */; };
		435F3FC9294897F800099512 /* Color.swift in Sources */ = {isa = PBXBuildFile; fileRef = 435F3FC8294897F800099512 /* Color.swift */; };
		435F3FD12948BD7700099512 /* WidgetKit.framework in Frameworks */ = {isa = PBXBuildFile; fileRef = 435F3FD02948BD7600099512 /* WidgetKit.framework */; };
		435F3FD32948BD7700099512 /* SwiftUI.framework in Frameworks */ = {isa = PBXBuildFile; fileRef = 435F3FD22948BD7700099512 /* SwiftUI.framework */; };
		435F3FD62948BD7700099512 /* TodoListWidgetBundle.swift in Sources */ = {isa = PBXBuildFile; fileRef = 435F3FD52948BD7700099512 /* TodoListWidgetBundle.swift */; };
		435F3FD82948BD7700099512 /* TodoListWidget.swift in Sources */ = {isa = PBXBuildFile; fileRef = 435F3FD72948BD7700099512 /* TodoListWidget.swift */; };
		435F3FDA2948BD7800099512 /* Assets.xcassets in Resources */ = {isa = PBXBuildFile; fileRef = 435F3FD92948BD7800099512 /* Assets.xcassets */; };
		435F3FDE2948BD7800099512 /* TodoListWidgetExtension.appex in Embed Foundation Extensions */ = {isa = PBXBuildFile; fileRef = 435F3FCE2948BD7600099512 /* TodoListWidgetExtension.appex */; settings = {ATTRIBUTES = (RemoveHeadersOnCopy, ); }; };
		435F3FE32948BD9900099512 /* TodoContainer.xcdatamodeld in Sources */ = {isa = PBXBuildFile; fileRef = 435F3FC42948908D00099512 /* TodoContainer.xcdatamodeld */; };
		43C512492949D9B100019DEC /* PersistenceController.swift in Sources */ = {isa = PBXBuildFile; fileRef = 43C512482949D9B100019DEC /* PersistenceController.swift */; };
		43C5124A2949D9E800019DEC /* PersistenceController.swift in Sources */ = {isa = PBXBuildFile; fileRef = 43C512482949D9B100019DEC /* PersistenceController.swift */; };
/* End PBXBuildFile section */

/* Begin PBXContainerItemProxy section */
		435F3FDC2948BD7800099512 /* PBXContainerItemProxy */ = {
			isa = PBXContainerItemProxy;
			containerPortal = 435F3F9929488D4A00099512 /* Project object */;
			proxyType = 1;
			remoteGlobalIDString = 435F3FCD2948BD7600099512;
			remoteInfo = TodoListWidgetExtension;
		};
/* End PBXContainerItemProxy section */

/* Begin PBXCopyFilesBuildPhase section */
		435F3FE22948BD7800099512 /* Embed Foundation Extensions */ = {
			isa = PBXCopyFilesBuildPhase;
			buildActionMask = 2147483647;
			dstPath = "";
			dstSubfolderSpec = 13;
			files = (
				435F3FDE2948BD7800099512 /* TodoListWidgetExtension.appex in Embed Foundation Extensions */,
			);
			name = "Embed Foundation Extensions";
			runOnlyForDeploymentPostprocessing = 0;
		};
/* End PBXCopyFilesBuildPhase section */

/* Begin PBXFileReference section */
		431495812949E52A00068F8A /* Provider.swift */ = {isa = PBXFileReference; lastKnownFileType = sourcecode.swift; path = Provider.swift; sourceTree = "<group>"; };
		431495832949E57800068F8A /* SimpleEntry.swift */ = {isa = PBXFileReference; lastKnownFileType = sourcecode.swift; path = SimpleEntry.swift; sourceTree = "<group>"; };
		431495852949E5B700068F8A /* TodoListWidgetEntryView.swift */ = {isa = PBXFileReference; lastKnownFileType = sourcecode.swift; path = TodoListWidgetEntryView.swift; sourceTree = "<group>"; };
		431495882949EB3E00068F8A /* MediumSizeView.swift */ = {isa = PBXFileReference; lastKnownFileType = sourcecode.swift; path = MediumSizeView.swift; sourceTree = "<group>"; };
		4314958A2949EB4C00068F8A /* LargeSizeView.swift */ = {isa = PBXFileReference; lastKnownFileType = sourcecode.swift; path = LargeSizeView.swift; sourceTree = "<group>"; };
		4314958C2949EB5800068F8A /* SmallSizeView.swift */ = {isa = PBXFileReference; lastKnownFileType = sourcecode.swift; path = SmallSizeView.swift; sourceTree = "<group>"; };
		4314958E2949EF7100068F8A /* TodoModel.swift */ = {isa = PBXFileReference; lastKnownFileType = sourcecode.swift; path = TodoModel.swift; sourceTree = "<group>"; };
		43149591294A6B8900068F8A /* TodoEditView.swift */ = {isa = PBXFileReference; lastKnownFileType = sourcecode.swift; path = TodoEditView.swift; sourceTree = "<group>"; };
		43149593294AEA9A00068F8A /* TodoDataManager.swift */ = {isa = PBXFileReference; lastKnownFileType = sourcecode.swift; path = TodoDataManager.swift; sourceTree = "<group>"; };
		43149595294AED4300068F8A /* TodoListView.swift */ = {isa = PBXFileReference; lastKnownFileType = sourcecode.swift; path = TodoListView.swift; sourceTree = "<group>"; };
		43149598294AEFB800068F8A /* HomeViewModel.swift */ = {isa = PBXFileReference; lastKnownFileType = sourcecode.swift; path = HomeViewModel.swift; sourceTree = "<group>"; };
		431495A0294BA72C00068F8A /* FontSizes.swift */ = {isa = PBXFileReference; lastKnownFileType = sourcecode.swift; path = FontSizes.swift; sourceTree = "<group>"; };
		431495A3294BA8E200068F8A /* UserSettings.swift */ = {isa = PBXFileReference; lastKnownFileType = sourcecode.swift; path = UserSettings.swift; sourceTree = "<group>"; };
		431495AB294C920600068F8A /* WidgetTodoListView.swift */ = {isa = PBXFileReference; lastKnownFileType = sourcecode.swift; path = WidgetTodoListView.swift; sourceTree = "<group>"; };
		435F3FA129488D4A00099512 /* TodoList.app */ = {isa = PBXFileReference; explicitFileType = wrapper.application; includeInIndex = 0; path = TodoList.app; sourceTree = BUILT_PRODUCTS_DIR; };
		435F3FA429488D4A00099512 /* TodoListApp.swift */ = {isa = PBXFileReference; lastKnownFileType = sourcecode.swift; path = TodoListApp.swift; sourceTree = "<group>"; };
		435F3FA829488D4B00099512 /* Assets.xcassets */ = {isa = PBXFileReference; lastKnownFileType = folder.assetcatalog; path = Assets.xcassets; sourceTree = "<group>"; };
		435F3FAB29488D4B00099512 /* Preview Assets.xcassets */ = {isa = PBXFileReference; lastKnownFileType = folder.assetcatalog; path = "Preview Assets.xcassets"; sourceTree = "<group>"; };
		435F3FB229488D4B00099512 /* Info.plist */ = {isa = PBXFileReference; lastKnownFileType = text.plist.xml; path = Info.plist; sourceTree = "<group>"; };
		435F3FBB29488E0300099512 /* HomeView.swift */ = {isa = PBXFileReference; lastKnownFileType = sourcecode.swift; path = HomeView.swift; sourceTree = "<group>"; };
		435F3FC52948908D00099512 /* TodoContainer.xcdatamodel */ = {isa = PBXFileReference; lastKnownFileType = wrapper.xcdatamodel; path = TodoContainer.xcdatamodel; sourceTree = "<group>"; };
		435F3FC8294897F800099512 /* Color.swift */ = {isa = PBXFileReference; lastKnownFileType = sourcecode.swift; path = Color.swift; sourceTree = "<group>"; };
		435F3FCE2948BD7600099512 /* TodoListWidgetExtension.appex */ = {isa = PBXFileReference; explicitFileType = "wrapper.app-extension"; includeInIndex = 0; path = TodoListWidgetExtension.appex; sourceTree = BUILT_PRODUCTS_DIR; };
		435F3FD02948BD7600099512 /* WidgetKit.framework */ = {isa = PBXFileReference; lastKnownFileType = wrapper.framework; name = WidgetKit.framework; path = System/Library/Frameworks/WidgetKit.framework; sourceTree = SDKROOT; };
		435F3FD22948BD7700099512 /* SwiftUI.framework */ = {isa = PBXFileReference; lastKnownFileType = wrapper.framework; name = SwiftUI.framework; path = System/Library/Frameworks/SwiftUI.framework; sourceTree = SDKROOT; };
		435F3FD52948BD7700099512 /* TodoListWidgetBundle.swift */ = {isa = PBXFileReference; lastKnownFileType = sourcecode.swift; path = TodoListWidgetBundle.swift; sourceTree = "<group>"; };
		435F3FD72948BD7700099512 /* TodoListWidget.swift */ = {isa = PBXFileReference; lastKnownFileType = sourcecode.swift; path = TodoListWidget.swift; sourceTree = "<group>"; };
		435F3FD92948BD7800099512 /* Assets.xcassets */ = {isa = PBXFileReference; lastKnownFileType = folder.assetcatalog; path = Assets.xcassets; sourceTree = "<group>"; };
		435F3FDB2948BD7800099512 /* Info.plist */ = {isa = PBXFileReference; lastKnownFileType = text.plist.xml; path = Info.plist; sourceTree = "<group>"; };
		435F3FE42948BE1D00099512 /* TodoList.entitlements */ = {isa = PBXFileReference; lastKnownFileType = text.plist.entitlements; path = TodoList.entitlements; sourceTree = "<group>"; };
		435F3FE52948C21700099512 /* TodoListWidgetExtension.entitlements */ = {isa = PBXFileReference; lastKnownFileType = text.plist.entitlements; path = TodoListWidgetExtension.entitlements; sourceTree = "<group>"; };
		43C512482949D9B100019DEC /* PersistenceController.swift */ = {isa = PBXFileReference; lastKnownFileType = sourcecode.swift; path = PersistenceController.swift; sourceTree = "<group>"; };
/* End PBXFileReference section */

/* Begin PBXFrameworksBuildPhase section */
		435F3F9E29488D4A00099512 /* Frameworks */ = {
			isa = PBXFrameworksBuildPhase;
			buildActionMask = 2147483647;
			files = (
			);
			runOnlyForDeploymentPostprocessing = 0;
		};
		435F3FCB2948BD7600099512 /* Frameworks */ = {
			isa = PBXFrameworksBuildPhase;
			buildActionMask = 2147483647;
			files = (
				435F3FD32948BD7700099512 /* SwiftUI.framework in Frameworks */,
				435F3FD12948BD7700099512 /* WidgetKit.framework in Frameworks */,
			);
			runOnlyForDeploymentPostprocessing = 0;
		};
/* End PBXFrameworksBuildPhase section */

/* Begin PBXGroup section */
		431495872949EAC900068F8A /* Views */ = {
			isa = PBXGroup;
			children = (
				431495852949E5B700068F8A /* TodoListWidgetEntryView.swift */,
				431495AB294C920600068F8A /* WidgetTodoListView.swift */,
				4314958C2949EB5800068F8A /* SmallSizeView.swift */,
				431495882949EB3E00068F8A /* MediumSizeView.swift */,
				4314958A2949EB4C00068F8A /* LargeSizeView.swift */,
			);
			path = Views;
			sourceTree = "<group>";
		};
		43149590294A6B6B00068F8A /* Components */ = {
			isa = PBXGroup;
			children = (
				43149591294A6B8900068F8A /* TodoEditView.swift */,
			);
			path = Components;
			sourceTree = "<group>";
		};
		43149597294AEFA300068F8A /* HomeView */ = {
			isa = PBXGroup;
			children = (
				435F3FBB29488E0300099512 /* HomeView.swift */,
				43149598294AEFB800068F8A /* HomeViewModel.swift */,
				43149595294AED4300068F8A /* TodoListView.swift */,
			);
			path = HomeView;
			sourceTree = "<group>";
		};
		4314959C294AF6C900068F8A /* Models */ = {
			isa = PBXGroup;
			children = (
				431495832949E57800068F8A /* SimpleEntry.swift */,
				4314958E2949EF7100068F8A /* TodoModel.swift */,
			);
			path = Models;
			sourceTree = "<group>";
		};
		431495A2294BA73100068F8A /* Constants */ = {
			isa = PBXGroup;
			children = (
				431495A0294BA72C00068F8A /* FontSizes.swift */,
				431495A3294BA8E200068F8A /* UserSettings.swift */,
			);
			path = Constants;
			sourceTree = "<group>";
		};
		435F3F9829488D4A00099512 = {
			isa = PBXGroup;
			children = (
				435F3FE52948C21700099512 /* TodoListWidgetExtension.entitlements */,
				435F3FA329488D4A00099512 /* TodoList */,
				435F3FD42948BD7700099512 /* TodoListWidget */,
				435F3FCF2948BD7600099512 /* Frameworks */,
				435F3FA229488D4A00099512 /* Products */,
			);
			sourceTree = "<group>";
		};
		435F3FA229488D4A00099512 /* Products */ = {
			isa = PBXGroup;
			children = (
				435F3FA129488D4A00099512 /* TodoList.app */,
				435F3FCE2948BD7600099512 /* TodoListWidgetExtension.appex */,
			);
			name = Products;
			sourceTree = "<group>";
		};
		435F3FA329488D4A00099512 /* TodoList */ = {
			isa = PBXGroup;
			children = (
				435F3FA429488D4A00099512 /* TodoListApp.swift */,
				435F3FE42948BE1D00099512 /* TodoList.entitlements */,
				435F3FB229488D4B00099512 /* Info.plist */,
				435F3FA829488D4B00099512 /* Assets.xcassets */,
				431495A2294BA73100068F8A /* Constants */,
				435F3FBD29488F1400099512 /* Entities */,
				43C5124B2949DA1E00019DEC /* Utilities */,
				435F3FC7294897E600099512 /* Extensions */,
				435F3FBA29488DEF00099512 /* Views */,
				435F3FAA29488D4B00099512 /* Preview Content */,
			);
			path = TodoList;
			sourceTree = "<group>";
		};
		435F3FAA29488D4B00099512 /* Preview Content */ = {
			isa = PBXGroup;
			children = (
				435F3FAB29488D4B00099512 /* Preview Assets.xcassets */,
			);
			path = "Preview Content";
			sourceTree = "<group>";
		};
		435F3FBA29488DEF00099512 /* Views */ = {
			isa = PBXGroup;
			children = (
				43149590294A6B6B00068F8A /* Components */,
				43149597294AEFA300068F8A /* HomeView */,
			);
			path = Views;
			sourceTree = "<group>";
		};
		435F3FBD29488F1400099512 /* Entities */ = {
			isa = PBXGroup;
			children = (
				435F3FC42948908D00099512 /* TodoContainer.xcdatamodeld */,
			);
			path = Entities;
			sourceTree = "<group>";
		};
		435F3FC7294897E600099512 /* Extensions */ = {
			isa = PBXGroup;
			children = (
				435F3FC8294897F800099512 /* Color.swift */,
			);
			path = Extensions;
			sourceTree = "<group>";
		};
		435F3FCF2948BD7600099512 /* Frameworks */ = {
			isa = PBXGroup;
			children = (
				435F3FD02948BD7600099512 /* WidgetKit.framework */,
				435F3FD22948BD7700099512 /* SwiftUI.framework */,
			);
			name = Frameworks;
			sourceTree = "<group>";
		};
		435F3FD42948BD7700099512 /* TodoListWidget */ = {
			isa = PBXGroup;
			children = (
				435F3FD52948BD7700099512 /* TodoListWidgetBundle.swift */,
				435F3FD72948BD7700099512 /* TodoListWidget.swift */,
				431495812949E52A00068F8A /* Provider.swift */,
				4314959C294AF6C900068F8A /* Models */,
				431495872949EAC900068F8A /* Views */,
				435F3FD92948BD7800099512 /* Assets.xcassets */,
				435F3FDB2948BD7800099512 /* Info.plist */,
			);
			path = TodoListWidget;
			sourceTree = "<group>";
		};
		43C5124B2949DA1E00019DEC /* Utilities */ = {
			isa = PBXGroup;
			children = (
				43C512482949D9B100019DEC /* PersistenceController.swift */,
				43149593294AEA9A00068F8A /* TodoDataManager.swift */,
			);
			path = Utilities;
			sourceTree = "<group>";
		};
/* End PBXGroup section */

/* Begin PBXNativeTarget section */
		435F3FA029488D4A00099512 /* TodoList */ = {
			isa = PBXNativeTarget;
			buildConfigurationList = 435F3FB529488D4B00099512 /* Build configuration list for PBXNativeTarget "TodoList" */;
			buildPhases = (
				435F3F9D29488D4A00099512 /* Sources */,
				435F3F9E29488D4A00099512 /* Frameworks */,
				435F3F9F29488D4A00099512 /* Resources */,
				435F3FE22948BD7800099512 /* Embed Foundation Extensions */,
			);
			buildRules = (
			);
			dependencies = (
				435F3FDD2948BD7800099512 /* PBXTargetDependency */,
			);
			name = TodoList;
			productName = TodoList;
			productReference = 435F3FA129488D4A00099512 /* TodoList.app */;
			productType = "com.apple.product-type.application";
		};
		435F3FCD2948BD7600099512 /* TodoListWidgetExtension */ = {
			isa = PBXNativeTarget;
			buildConfigurationList = 435F3FDF2948BD7800099512 /* Build configuration list for PBXNativeTarget "TodoListWidgetExtension" */;
			buildPhases = (
				435F3FCA2948BD7600099512 /* Sources */,
				435F3FCB2948BD7600099512 /* Frameworks */,
				435F3FCC2948BD7600099512 /* Resources */,
			);
			buildRules = (
			);
			dependencies = (
			);
			name = TodoListWidgetExtension;
			productName = TodoListWidgetExtension;
			productReference = 435F3FCE2948BD7600099512 /* TodoListWidgetExtension.appex */;
			productType = "com.apple.product-type.app-extension";
		};
/* End PBXNativeTarget section */

/* Begin PBXProject section */
		435F3F9929488D4A00099512 /* Project object */ = {
			isa = PBXProject;
			attributes = {
				BuildIndependentTargetsInParallel = 1;
				LastSwiftUpdateCheck = 1410;
				LastUpgradeCheck = 1410;
				TargetAttributes = {
					435F3FA029488D4A00099512 = {
						CreatedOnToolsVersion = 14.1;
					};
					435F3FCD2948BD7600099512 = {
						CreatedOnToolsVersion = 14.1;
					};
				};
			};
			buildConfigurationList = 435F3F9C29488D4A00099512 /* Build configuration list for PBXProject "TodoList" */;
			compatibilityVersion = "Xcode 14.0";
			developmentRegion = en;
			hasScannedForEncodings = 0;
			knownRegions = (
				en,
				Base,
			);
			mainGroup = 435F3F9829488D4A00099512;
			productRefGroup = 435F3FA229488D4A00099512 /* Products */;
			projectDirPath = "";
			projectRoot = "";
			targets = (
				435F3FA029488D4A00099512 /* TodoList */,
				435F3FCD2948BD7600099512 /* TodoListWidgetExtension */,
			);
		};
/* End PBXProject section */

/* Begin PBXResourcesBuildPhase section */
		435F3F9F29488D4A00099512 /* Resources */ = {
			isa = PBXResourcesBuildPhase;
			buildActionMask = 2147483647;
			files = (
				435F3FAC29488D4B00099512 /* Preview Assets.xcassets in Resources */,
				435F3FA929488D4B00099512 /* Assets.xcassets in Resources */,
			);
			runOnlyForDeploymentPostprocessing = 0;
		};
		435F3FCC2948BD7600099512 /* Resources */ = {
			isa = PBXResourcesBuildPhase;
			buildActionMask = 2147483647;
			files = (
				431495A8294BB24200068F8A /* Assets.xcassets in Resources */,
				435F3FDA2948BD7800099512 /* Assets.xcassets in Resources */,
			);
			runOnlyForDeploymentPostprocessing = 0;
		};
/* End PBXResourcesBuildPhase section */

/* Begin PBXSourcesBuildPhase section */
		435F3F9D29488D4A00099512 /* Sources */ = {
			isa = PBXSourcesBuildPhase;
			buildActionMask = 2147483647;
			files = (
				43149592294A6B8900068F8A /* TodoEditView.swift in Sources */,
				43149599294AEFB800068F8A /* HomeViewModel.swift in Sources */,
				435F3FA529488D4A00099512 /* TodoListApp.swift in Sources */,
				43149596294AED4300068F8A /* TodoListView.swift in Sources */,
				43C512492949D9B100019DEC /* PersistenceController.swift in Sources */,
				43149594294AEA9A00068F8A /* TodoDataManager.swift in Sources */,
				431495A1294BA72C00068F8A /* FontSizes.swift in Sources */,
				435F3FBC29488E0300099512 /* HomeView.swift in Sources */,
				435F3FC9294897F800099512 /* Color.swift in Sources */,
				435F3FC62948908D00099512 /* TodoContainer.xcdatamodeld in Sources */,
				431495A4294BA8E200068F8A /* UserSettings.swift in Sources */,
			);
			runOnlyForDeploymentPostprocessing = 0;
		};
		435F3FCA2948BD7600099512 /* Sources */ = {
			isa = PBXSourcesBuildPhase;
			buildActionMask = 2147483647;
			files = (
				4314958B2949EB4C00068F8A /* LargeSizeView.swift in Sources */,
				431495AA294BB29800068F8A /* FontSizes.swift in Sources */,
				431495842949E57800068F8A /* SimpleEntry.swift in Sources */,
				435F3FE32948BD9900099512 /* TodoContainer.xcdatamodeld in Sources */,
				4314959F294B622300068F8A /* TodoModel.swift in Sources */,
				431495A9294BB29800068F8A /* UserSettings.swift in Sources */,
				435F3FD62948BD7700099512 /* TodoListWidgetBundle.swift in Sources */,
				431495A7294BB22500068F8A /* Color.swift in Sources */,
				431495862949E5B700068F8A /* TodoListWidgetEntryView.swift in Sources */,
				4314958D2949EB5800068F8A /* SmallSizeView.swift in Sources */,
				435F3FD82948BD7700099512 /* TodoListWidget.swift in Sources */,
				431495822949E52A00068F8A /* Provider.swift in Sources */,
				431495892949EB3E00068F8A /* MediumSizeView.swift in Sources */,
				43C5124A2949D9E800019DEC /* PersistenceController.swift in Sources */,
				431495AC294C920600068F8A /* WidgetTodoListView.swift in Sources */,
			);
			runOnlyForDeploymentPostprocessing = 0;
		};
/* End PBXSourcesBuildPhase section */

/* Begin PBXTargetDependency section */
		435F3FDD2948BD7800099512 /* PBXTargetDependency */ = {
			isa = PBXTargetDependency;
			target = 435F3FCD2948BD7600099512 /* TodoListWidgetExtension */;
			targetProxy = 435F3FDC2948BD7800099512 /* PBXContainerItemProxy */;
		};
/* End PBXTargetDependency section */

/* Begin XCBuildConfiguration section */
		435F3FB329488D4B00099512 /* Debug */ = {
			isa = XCBuildConfiguration;
			buildSettings = {
				ALWAYS_SEARCH_USER_PATHS = NO;
				CLANG_ANALYZER_NONNULL = YES;
				CLANG_ANALYZER_NUMBER_OBJECT_CONVERSION = YES_AGGRESSIVE;
				CLANG_CXX_LANGUAGE_STANDARD = "gnu++20";
				CLANG_ENABLE_MODULES = YES;
				CLANG_ENABLE_OBJC_ARC = YES;
				CLANG_ENABLE_OBJC_WEAK = YES;
				CLANG_WARN_BLOCK_CAPTURE_AUTORELEASING = YES;
				CLANG_WARN_BOOL_CONVERSION = YES;
				CLANG_WARN_COMMA = YES;
				CLANG_WARN_CONSTANT_CONVERSION = YES;
				CLANG_WARN_DEPRECATED_OBJC_IMPLEMENTATIONS = YES;
				CLANG_WARN_DIRECT_OBJC_ISA_USAGE = YES_ERROR;
				CLANG_WARN_DOCUMENTATION_COMMENTS = YES;
				CLANG_WARN_EMPTY_BODY = YES;
				CLANG_WARN_ENUM_CONVERSION = YES;
				CLANG_WARN_INFINITE_RECURSION = YES;
				CLANG_WARN_INT_CONVERSION = YES;
				CLANG_WARN_NON_LITERAL_NULL_CONVERSION = YES;
				CLANG_WARN_OBJC_IMPLICIT_RETAIN_SELF = YES;
				CLANG_WARN_OBJC_LITERAL_CONVERSION = YES;
				CLANG_WARN_OBJC_ROOT_CLASS = YES_ERROR;
				CLANG_WARN_QUOTED_INCLUDE_IN_FRAMEWORK_HEADER = YES;
				CLANG_WARN_RANGE_LOOP_ANALYSIS = YES;
				CLANG_WARN_STRICT_PROTOTYPES = YES;
				CLANG_WARN_SUSPICIOUS_MOVE = YES;
				CLANG_WARN_UNGUARDED_AVAILABILITY = YES_AGGRESSIVE;
				CLANG_WARN_UNREACHABLE_CODE = YES;
				CLANG_WARN__DUPLICATE_METHOD_MATCH = YES;
				COPY_PHASE_STRIP = NO;
				DEBUG_INFORMATION_FORMAT = dwarf;
				ENABLE_STRICT_OBJC_MSGSEND = YES;
				ENABLE_TESTABILITY = YES;
				GCC_C_LANGUAGE_STANDARD = gnu11;
				GCC_DYNAMIC_NO_PIC = NO;
				GCC_NO_COMMON_BLOCKS = YES;
				GCC_OPTIMIZATION_LEVEL = 0;
				GCC_PREPROCESSOR_DEFINITIONS = (
					"DEBUG=1",
					"$(inherited)",
				);
				GCC_WARN_64_TO_32_BIT_CONVERSION = YES;
				GCC_WARN_ABOUT_RETURN_TYPE = YES_ERROR;
				GCC_WARN_UNDECLARED_SELECTOR = YES;
				GCC_WARN_UNINITIALIZED_AUTOS = YES_AGGRESSIVE;
				GCC_WARN_UNUSED_FUNCTION = YES;
				GCC_WARN_UNUSED_VARIABLE = YES;
				IPHONEOS_DEPLOYMENT_TARGET = 16.1;
				MTL_ENABLE_DEBUG_INFO = INCLUDE_SOURCE;
				MTL_FAST_MATH = YES;
				ONLY_ACTIVE_ARCH = YES;
				SDKROOT = iphoneos;
				SWIFT_ACTIVE_COMPILATION_CONDITIONS = DEBUG;
				SWIFT_OPTIMIZATION_LEVEL = "-Onone";
			};
			name = Debug;
		};
		435F3FB429488D4B00099512 /* Release */ = {
			isa = XCBuildConfiguration;
			buildSettings = {
				ALWAYS_SEARCH_USER_PATHS = NO;
				CLANG_ANALYZER_NONNULL = YES;
				CLANG_ANALYZER_NUMBER_OBJECT_CONVERSION = YES_AGGRESSIVE;
				CLANG_CXX_LANGUAGE_STANDARD = "gnu++20";
				CLANG_ENABLE_MODULES = YES;
				CLANG_ENABLE_OBJC_ARC = YES;
				CLANG_ENABLE_OBJC_WEAK = YES;
				CLANG_WARN_BLOCK_CAPTURE_AUTORELEASING = YES;
				CLANG_WARN_BOOL_CONVERSION = YES;
				CLANG_WARN_COMMA = YES;
				CLANG_WARN_CONSTANT_CONVERSION = YES;
				CLANG_WARN_DEPRECATED_OBJC_IMPLEMENTATIONS = YES;
				CLANG_WARN_DIRECT_OBJC_ISA_USAGE = YES_ERROR;
				CLANG_WARN_DOCUMENTATION_COMMENTS = YES;
				CLANG_WARN_EMPTY_BODY = YES;
				CLANG_WARN_ENUM_CONVERSION = YES;
				CLANG_WARN_INFINITE_RECURSION = YES;
				CLANG_WARN_INT_CONVERSION = YES;
				CLANG_WARN_NON_LITERAL_NULL_CONVERSION = YES;
				CLANG_WARN_OBJC_IMPLICIT_RETAIN_SELF = YES;
				CLANG_WARN_OBJC_LITERAL_CONVERSION = YES;
				CLANG_WARN_OBJC_ROOT_CLASS = YES_ERROR;
				CLANG_WARN_QUOTED_INCLUDE_IN_FRAMEWORK_HEADER = YES;
				CLANG_WARN_RANGE_LOOP_ANALYSIS = YES;
				CLANG_WARN_STRICT_PROTOTYPES = YES;
				CLANG_WARN_SUSPICIOUS_MOVE = YES;
				CLANG_WARN_UNGUARDED_AVAILABILITY = YES_AGGRESSIVE;
				CLANG_WARN_UNREACHABLE_CODE = YES;
				CLANG_WARN__DUPLICATE_METHOD_MATCH = YES;
				COPY_PHASE_STRIP = NO;
				DEBUG_INFORMATION_FORMAT = "dwarf-with-dsym";
				ENABLE_NS_ASSERTIONS = NO;
				ENABLE_STRICT_OBJC_MSGSEND = YES;
				GCC_C_LANGUAGE_STANDARD = gnu11;
				GCC_NO_COMMON_BLOCKS = YES;
				GCC_WARN_64_TO_32_BIT_CONVERSION = YES;
				GCC_WARN_ABOUT_RETURN_TYPE = YES_ERROR;
				GCC_WARN_UNDECLARED_SELECTOR = YES;
				GCC_WARN_UNINITIALIZED_AUTOS = YES_AGGRESSIVE;
				GCC_WARN_UNUSED_FUNCTION = YES;
				GCC_WARN_UNUSED_VARIABLE = YES;
				IPHONEOS_DEPLOYMENT_TARGET = 16.1;
				MTL_ENABLE_DEBUG_INFO = NO;
				MTL_FAST_MATH = YES;
				SDKROOT = iphoneos;
				SWIFT_COMPILATION_MODE = wholemodule;
				SWIFT_OPTIMIZATION_LEVEL = "-O";
				VALIDATE_PRODUCT = YES;
			};
			name = Release;
		};
		435F3FB629488D4B00099512 /* Debug */ = {
			isa = XCBuildConfiguration;
			buildSettings = {
				ALWAYS_EMBED_SWIFT_STANDARD_LIBRARIES = YES;
				ASSETCATALOG_COMPILER_APPICON_NAME = AppIcon;
				ASSETCATALOG_COMPILER_GLOBAL_ACCENT_COLOR_NAME = AccentColor;
				CODE_SIGN_ENTITLEMENTS = TodoList/TodoList.entitlements;
				CODE_SIGN_STYLE = Automatic;
				CURRENT_PROJECT_VERSION = 1;
				DEVELOPMENT_ASSET_PATHS = "\"TodoList/Preview Content\"";
				DEVELOPMENT_TEAM = 97MHK6W334;
				ENABLE_PREVIEWS = YES;
				GENERATE_INFOPLIST_FILE = YES;
				INFOPLIST_KEY_UIApplicationSceneManifest_Generation = YES;
				INFOPLIST_KEY_UIApplicationSupportsIndirectInputEvents = YES;
				INFOPLIST_KEY_UILaunchScreen_Generation = YES;
				INFOPLIST_KEY_UISupportedInterfaceOrientations_iPad = "UIInterfaceOrientationPortrait UIInterfaceOrientationPortraitUpsideDown UIInterfaceOrientationLandscapeLeft UIInterfaceOrientationLandscapeRight";
				INFOPLIST_KEY_UISupportedInterfaceOrientations_iPhone = "UIInterfaceOrientationPortrait UIInterfaceOrientationLandscapeLeft UIInterfaceOrientationLandscapeRight";
				IPHONEOS_DEPLOYMENT_TARGET = 15.0;
				LD_RUNPATH_SEARCH_PATHS = (
					"$(inherited)",
					"@executable_path/Frameworks",
				);
				MARKETING_VERSION = 1.0;
				PRODUCT_BUNDLE_IDENTIFIER = com.studioKaori.TodoList;
				PRODUCT_NAME = "$(TARGET_NAME)";
				SWIFT_EMIT_LOC_STRINGS = YES;
				SWIFT_VERSION = 5.0;
				TARGETED_DEVICE_FAMILY = "1,2";
			};
			name = Debug;
		};
		435F3FB729488D4B00099512 /* Release */ = {
			isa = XCBuildConfiguration;
			buildSettings = {
				ALWAYS_EMBED_SWIFT_STANDARD_LIBRARIES = YES;
				ASSETCATALOG_COMPILER_APPICON_NAME = AppIcon;
				ASSETCATALOG_COMPILER_GLOBAL_ACCENT_COLOR_NAME = AccentColor;
				CODE_SIGN_ENTITLEMENTS = TodoList/TodoList.entitlements;
				CODE_SIGN_STYLE = Automatic;
				CURRENT_PROJECT_VERSION = 1;
				DEVELOPMENT_ASSET_PATHS = "\"TodoList/Preview Content\"";
				DEVELOPMENT_TEAM = 97MHK6W334;
				ENABLE_PREVIEWS = YES;
				GENERATE_INFOPLIST_FILE = YES;
				INFOPLIST_KEY_UIApplicationSceneManifest_Generation = YES;
				INFOPLIST_KEY_UIApplicationSupportsIndirectInputEvents = YES;
				INFOPLIST_KEY_UILaunchScreen_Generation = YES;
				INFOPLIST_KEY_UISupportedInterfaceOrientations_iPad = "UIInterfaceOrientationPortrait UIInterfaceOrientationPortraitUpsideDown UIInterfaceOrientationLandscapeLeft UIInterfaceOrientationLandscapeRight";
				INFOPLIST_KEY_UISupportedInterfaceOrientations_iPhone = "UIInterfaceOrientationPortrait UIInterfaceOrientationLandscapeLeft UIInterfaceOrientationLandscapeRight";
				IPHONEOS_DEPLOYMENT_TARGET = 15.0;
				LD_RUNPATH_SEARCH_PATHS = (
					"$(inherited)",
					"@executable_path/Frameworks",
				);
				MARKETING_VERSION = 1.0;
				PRODUCT_BUNDLE_IDENTIFIER = com.studioKaori.TodoList;
				PRODUCT_NAME = "$(TARGET_NAME)";
				SWIFT_EMIT_LOC_STRINGS = YES;
				SWIFT_VERSION = 5.0;
				TARGETED_DEVICE_FAMILY = "1,2";
			};
			name = Release;
		};
		435F3FE02948BD7800099512 /* Debug */ = {
			isa = XCBuildConfiguration;
			buildSettings = {
				ASSETCATALOG_COMPILER_GLOBAL_ACCENT_COLOR_NAME = AccentColor;
				ASSETCATALOG_COMPILER_WIDGET_BACKGROUND_COLOR_NAME = WidgetBackground;
				CODE_SIGN_ENTITLEMENTS = TodoListWidgetExtension.entitlements;
				CODE_SIGN_STYLE = Automatic;
				CURRENT_PROJECT_VERSION = 1;
				DEVELOPMENT_TEAM = 97MHK6W334;
				GENERATE_INFOPLIST_FILE = YES;
				INFOPLIST_FILE = TodoListWidget/Info.plist;
				INFOPLIST_KEY_CFBundleDisplayName = TodoListWidget;
				INFOPLIST_KEY_NSHumanReadableCopyright = "";
				LD_RUNPATH_SEARCH_PATHS = (
					"$(inherited)",
					"@executable_path/Frameworks",
					"@executable_path/../../Frameworks",
				);
				MARKETING_VERSION = 1.0;
				PRODUCT_BUNDLE_IDENTIFIER = com.studioKaori.TodoList.TodoListWidget;
				PRODUCT_NAME = "$(TARGET_NAME)";
				SKIP_INSTALL = YES;
				SWIFT_EMIT_LOC_STRINGS = YES;
				SWIFT_VERSION = 5.0;
				TARGETED_DEVICE_FAMILY = "1,2";
			};
			name = Debug;
		};
		435F3FE12948BD7800099512 /* Release */ = {
			isa = XCBuildConfiguration;
			buildSettings = {
				ASSETCATALOG_COMPILER_GLOBAL_ACCENT_COLOR_NAME = AccentColor;
				ASSETCATALOG_COMPILER_WIDGET_BACKGROUND_COLOR_NAME = WidgetBackground;
				CODE_SIGN_ENTITLEMENTS = TodoListWidgetExtension.entitlements;
				CODE_SIGN_STYLE = Automatic;
				CURRENT_PROJECT_VERSION = 1;
				DEVELOPMENT_TEAM = 97MHK6W334;
				GENERATE_INFOPLIST_FILE = YES;
				INFOPLIST_FILE = TodoListWidget/Info.plist;
				INFOPLIST_KEY_CFBundleDisplayName = TodoListWidget;
				INFOPLIST_KEY_NSHumanReadableCopyright = "";
				LD_RUNPATH_SEARCH_PATHS = (
					"$(inherited)",
					"@executable_path/Frameworks",
					"@executable_path/../../Frameworks",
				);
				MARKETING_VERSION = 1.0;
				PRODUCT_BUNDLE_IDENTIFIER = com.studioKaori.TodoList.TodoListWidget;
				PRODUCT_NAME = "$(TARGET_NAME)";
				SKIP_INSTALL = YES;
				SWIFT_EMIT_LOC_STRINGS = YES;
				SWIFT_VERSION = 5.0;
				TARGETED_DEVICE_FAMILY = "1,2";
			};
			name = Release;
		};
/* End XCBuildConfiguration section */

/* Begin XCConfigurationList section */
		435F3F9C29488D4A00099512 /* Build configuration list for PBXProject "TodoList" */ = {
			isa = XCConfigurationList;
			buildConfigurations = (
				435F3FB329488D4B00099512 /* Debug */,
				435F3FB429488D4B00099512 /* Release */,
			);
			defaultConfigurationIsVisible = 0;
			defaultConfigurationName = Release;
		};
		435F3FB529488D4B00099512 /* Build configuration list for PBXNativeTarget "TodoList" */ = {
			isa = XCConfigurationList;
			buildConfigurations = (
				435F3FB629488D4B00099512 /* Debug */,
				435F3FB729488D4B00099512 /* Release */,
			);
			defaultConfigurationIsVisible = 0;
			defaultConfigurationName = Release;
		};
		435F3FDF2948BD7800099512 /* Build configuration list for PBXNativeTarget "TodoListWidgetExtension" */ = {
			isa = XCConfigurationList;
			buildConfigurations = (
				435F3FE02948BD7800099512 /* Debug */,
				435F3FE12948BD7800099512 /* Release */,
			);
			defaultConfigurationIsVisible = 0;
			defaultConfigurationName = Release;
		};
/* End XCConfigurationList section */

/* Begin XCVersionGroup section */
		435F3FC42948908D00099512 /* TodoContainer.xcdatamodeld */ = {
			isa = XCVersionGroup;
			children = (
				435F3FC52948908D00099512 /* TodoContainer.xcdatamodel */,
			);
			currentVersion = 435F3FC52948908D00099512 /* TodoContainer.xcdatamodel */;
			path = TodoContainer.xcdatamodeld;
			sourceTree = "<group>";
			versionGroupType = wrapper.xcdatamodel;
		};
/* End XCVersionGroup section */
	};
	rootObject = 435F3F9929488D4A00099512 /* Project object */;
}
